
Microsoft Visual Studio Solution File, Format Version 12.00
# Visual Studio Version 16
VisualStudioVersion = 16.0.31729.503
MinimumVisualStudioVersion = 10.0.40219.1
Project("{FAE04EC0-301F-11D3-BF4B-00C04F79EFBC}") = "OopExamples", "OopExamples.csproj", "{E00E3EE3-2B6F-47DF-AA9F-4EDDBFACE528}"
EndProject
Global
	GlobalSection(SolutionConfigurationPlatforms) = preSolution
		Debug|Any CPU = Debug|Any CPU
		Release|Any CPU = Release|Any CPU
	EndGlobalSection
	GlobalSection(ProjectConfigurationPlatforms) = postSolution
		{E00E3EE3-2B6F-47DF-AA9F-4EDDBFACE528}.Debug|Any CPU.ActiveCfg = Debug|Any CPU
		{E00E3EE3-2B6F-47DF-AA9F-4EDDBFACE528}.Debug|Any CPU.Build.0 = Debug|Any CPU
		{E00E3EE3-2B6F-47DF-AA9F-4EDDBFACE528}.Release|Any CPU.ActiveCfg = Release|Any CPU
		{E00E3EE3-2B6F-47DF-AA9F-4EDDBFACE528}.Release|Any CPU.Build.0 = Release|Any CPU
	EndGlobalSection
	GlobalSection(SolutionProperties) = preSolution
		HideSolutionNode = FALSE
	EndGlobalSection
	GlobalSection(ExtensibilityGlobals) = postSolution
		SolutionGuid = {81DF2EEC-2451-4B23-BFA2-D221B119C43F}
	EndGlobalSection
EndGlobal
