
Microsoft Visual Studio Solution File, Format Version 12.00
# Visual Studio Version 16
VisualStudioVersion = 16.0.31729.503
MinimumVisualStudioVersion = 10.0.40219.1
Project("{FAE04EC0-301F-11D3-BF4B-00C04F79EFBC}") = "MvcCourse", "MvcCourse.csproj", "{99666140-75E9-4953-B041-077EA2C39C94}"
EndProject
Global
	GlobalSection(SolutionConfigurationPlatforms) = preSolution
		Debug|Any CPU = Debug|Any CPU
		Release|Any CPU = Release|Any CPU
	EndGlobalSection
	GlobalSection(ProjectConfigurationPlatforms) = postSolution
		{99666140-75E9-4953-B041-077EA2C39C94}.Debug|Any CPU.ActiveCfg = Debug|Any CPU
		{99666140-75E9-4953-B041-077EA2C39C94}.Debug|Any CPU.Build.0 = Debug|Any CPU
		{99666140-75E9-4953-B041-077EA2C39C94}.Release|Any CPU.ActiveCfg = Release|Any CPU
		{99666140-75E9-4953-B041-077EA2C39C94}.Release|Any CPU.Build.0 = Release|Any CPU
	EndGlobalSection
	GlobalSection(SolutionProperties) = preSolution
		HideSolutionNode = FALSE
	EndGlobalSection
	GlobalSection(ExtensibilityGlobals) = postSolution
		SolutionGuid = {83FAD520-796E-443B-9CFF-BF2CF74984EB}
	EndGlobalSection
EndGlobal
